// !$*UTF8*$!
{
	archiveVersion = 1;
	classes = {
	};
	objectVersion = 56;
	objects = {

/* Begin PBXBuildFile section */
		C949E88E2B48CC0900A74BF6 /* Auth in Frameworks */ = {isa = PBXBuildFile; productRef = C949E88D2B48CC0900A74BF6 /* Auth */; };
		C949E8902B48CC0900A74BF6 /* Functions in Frameworks */ = {isa = PBXBuildFile; productRef = C949E88F2B48CC0900A74BF6 /* Functions */; };
		C949E8922B48CC0900A74BF6 /* PostgREST in Frameworks */ = {isa = PBXBuildFile; productRef = C949E8912B48CC0900A74BF6 /* PostgREST */; };
		C949E8942B48CC0900A74BF6 /* Realtime in Frameworks */ = {isa = PBXBuildFile; productRef = C949E8932B48CC0900A74BF6 /* Realtime */; };
		C949E8962B48CC0900A74BF6 /* Storage in Frameworks */ = {isa = PBXBuildFile; productRef = C949E8952B48CC0900A74BF6 /* Storage */; };
		C949E89C2B4A067400A74BF6 /* SupabaseAPIInfo.swift in Sources */ = {isa = PBXBuildFile; fileRef = C949E89B2B4A067400A74BF6 /* SupabaseAPIInfo.swift */; };
		C949E89E2B4A071600A74BF6 /* SupabaseAPIClient.swift in Sources */ = {isa = PBXBuildFile; fileRef = C949E89D2B4A071600A74BF6 /* SupabaseAPIClient.swift */; };
		C949E8A12B4A075900A74BF6 /* Supabase in Frameworks */ = {isa = PBXBuildFile; productRef = C949E8A02B4A075900A74BF6 /* Supabase */; };
		C949E8A32B4A08D300A74BF6 /* SupabaseAPIClientTests.swift in Sources */ = {isa = PBXBuildFile; fileRef = C949E8A22B4A08D300A74BF6 /* SupabaseAPIClientTests.swift */; };
		C949E8A52B4A191500A74BF6 /* SupabaseTableName.swift in Sources */ = {isa = PBXBuildFile; fileRef = C949E8A42B4A191500A74BF6 /* SupabaseTableName.swift */; };
		C949E8A72B4A192900A74BF6 /* SupabaseService.swift in Sources */ = {isa = PBXBuildFile; fileRef = C949E8A62B4A192900A74BF6 /* SupabaseService.swift */; };
		C949E8AB2B4A195F00A74BF6 /* SupabaseDatabaseClient.swift in Sources */ = {isa = PBXBuildFile; fileRef = C949E8AA2B4A195F00A74BF6 /* SupabaseDatabaseClient.swift */; };
		C949E8AE2B4A1B5F00A74BF6 /* XCTestCase+MemoryLeakTracking.swift in Sources */ = {isa = PBXBuildFile; fileRef = C949E8AD2B4A1B5F00A74BF6 /* XCTestCase+MemoryLeakTracking.swift */; };
		C949E8B02B4A1C9600A74BF6 /* SharedTestHelpers.swift in Sources */ = {isa = PBXBuildFile; fileRef = C949E8AF2B4A1C9600A74BF6 /* SharedTestHelpers.swift */; };
		C949E8B32B4B8D7900A74BF6 /* DailyChallenge.swift in Sources */ = {isa = PBXBuildFile; fileRef = C949E8B22B4B8D7900A74BF6 /* DailyChallenge.swift */; };
		C949E8BB2B4B8E3100A74BF6 /* AppDelegate.swift in Sources */ = {isa = PBXBuildFile; fileRef = C949E8BA2B4B8E3100A74BF6 /* AppDelegate.swift */; };
		C949E8BD2B4B8E3100A74BF6 /* SceneDelegate.swift in Sources */ = {isa = PBXBuildFile; fileRef = C949E8BC2B4B8E3100A74BF6 /* SceneDelegate.swift */; };
		C949E8BF2B4B8E3100A74BF6 /* ViewController.swift in Sources */ = {isa = PBXBuildFile; fileRef = C949E8BE2B4B8E3100A74BF6 /* ViewController.swift */; };
		C949E8C42B4B8E3300A74BF6 /* Assets.xcassets in Resources */ = {isa = PBXBuildFile; fileRef = C949E8C32B4B8E3300A74BF6 /* Assets.xcassets */; };
		C949E8C72B4B8E3300A74BF6 /* LaunchScreen.storyboard in Resources */ = {isa = PBXBuildFile; fileRef = C949E8C52B4B8E3300A74BF6 /* LaunchScreen.storyboard */; };
		C949E8D22B4B8E3300A74BF6 /* NovaAppTests.swift in Sources */ = {isa = PBXBuildFile; fileRef = C949E8D12B4B8E3300A74BF6 /* NovaAppTests.swift */; };
		C949E8DC2B4B8E3300A74BF6 /* NovaAppUITests.swift in Sources */ = {isa = PBXBuildFile; fileRef = C949E8DB2B4B8E3300A74BF6 /* NovaAppUITests.swift */; };
		C949E8DE2B4B8E3300A74BF6 /* NovaAppUITestsLaunchTests.swift in Sources */ = {isa = PBXBuildFile; fileRef = C949E8DD2B4B8E3300A74BF6 /* NovaAppUITestsLaunchTests.swift */; };
		C949E8EA2B4B936900A74BF6 /* DailyChallengeLoader.swift in Sources */ = {isa = PBXBuildFile; fileRef = C949E8E92B4B936900A74BF6 /* DailyChallengeLoader.swift */; };
		C949E8EE2B4B940B00A74BF6 /* DailyChallengeLoaderTests.swift in Sources */ = {isa = PBXBuildFile; fileRef = C949E8ED2B4B940B00A74BF6 /* DailyChallengeLoaderTests.swift */; };
		C949E8F02B4C686F00A74BF6 /* SupabaseDatabaseContact.swift in Sources */ = {isa = PBXBuildFile; fileRef = C949E8EF2B4C686F00A74BF6 /* SupabaseDatabaseContact.swift */; };
		C949E8F82B4C6E4E00A74BF6 /* DailyChallengeEndToEndTests.swift in Sources */ = {isa = PBXBuildFile; fileRef = C949E8F72B4C6E4E00A74BF6 /* DailyChallengeEndToEndTests.swift */; };
		C949E8F92B4C6E4E00A74BF6 /* Nova.framework in Frameworks */ = {isa = PBXBuildFile; fileRef = C9B28C152B48807200F81C98 /* Nova.framework */; };
		C949E8FF2B4C734700A74BF6 /* XCTestCase+MemoryLeakTracking.swift in Sources */ = {isa = PBXBuildFile; fileRef = C949E8AD2B4A1B5F00A74BF6 /* XCTestCase+MemoryLeakTracking.swift */; };
		C949E9022B4C822E00A74BF6 /* DailyChallengePresenter.swift in Sources */ = {isa = PBXBuildFile; fileRef = C949E9012B4C822E00A74BF6 /* DailyChallengePresenter.swift */; };
		C949E9052B4CCECE00A74BF6 /* DailyChallengePresenterTests.swift in Sources */ = {isa = PBXBuildFile; fileRef = C949E9042B4CCECE00A74BF6 /* DailyChallengePresenterTests.swift */; };
		C949E9072B4CD16200A74BF6 /* Localizable.xcstrings in Resources */ = {isa = PBXBuildFile; fileRef = C949E9062B4CD16200A74BF6 /* Localizable.xcstrings */; };
		C949E90A2B4DB1B000A74BF6 /* LoadResourcePresenterTests.swift in Sources */ = {isa = PBXBuildFile; fileRef = C949E9092B4DB1B000A74BF6 /* LoadResourcePresenterTests.swift */; };
		C949E90D2B4DB1F700A74BF6 /* ResourceView.swift in Sources */ = {isa = PBXBuildFile; fileRef = C949E90C2B4DB1F700A74BF6 /* ResourceView.swift */; };
		C949E90F2B4DCAFC00A74BF6 /* ResourceErrorView.swift in Sources */ = {isa = PBXBuildFile; fileRef = C949E90E2B4DCAFC00A74BF6 /* ResourceErrorView.swift */; };
		C949E9112B4DCB0A00A74BF6 /* ResourceErrorViewModel.swift in Sources */ = {isa = PBXBuildFile; fileRef = C949E9102B4DCB0A00A74BF6 /* ResourceErrorViewModel.swift */; };
		C949E9132B4DCB2F00A74BF6 /* ResourceLoadingViewModel.swift in Sources */ = {isa = PBXBuildFile; fileRef = C949E9122B4DCB2F00A74BF6 /* ResourceLoadingViewModel.swift */; };
		C949E9152B4DCB3E00A74BF6 /* ResourceLoadingView.swift in Sources */ = {isa = PBXBuildFile; fileRef = C949E9142B4DCB3E00A74BF6 /* ResourceLoadingView.swift */; };
		C949E9172B4DCB5300A74BF6 /* LoadResourcePresenter.swift in Sources */ = {isa = PBXBuildFile; fileRef = C949E9162B4DCB5300A74BF6 /* LoadResourcePresenter.swift */; };
		C9B28C1A2B48807200F81C98 /* Nova.docc in Sources */ = {isa = PBXBuildFile; fileRef = C9B28C192B48807200F81C98 /* Nova.docc */; };
		C9B28C202B48807200F81C98 /* Nova.framework in Frameworks */ = {isa = PBXBuildFile; fileRef = C9B28C152B48807200F81C98 /* Nova.framework */; };
		C9B28C262B48807200F81C98 /* Nova.h in Headers */ = {isa = PBXBuildFile; fileRef = C9B28C182B48807200F81C98 /* Nova.h */; settings = {ATTRIBUTES = (Public, ); }; };
/* End PBXBuildFile section */

/* Begin PBXContainerItemProxy section */
		C949E8CE2B4B8E3300A74BF6 /* PBXContainerItemProxy */ = {
			isa = PBXContainerItemProxy;
			containerPortal = C9B28C0C2B48807100F81C98 /* Project object */;
			proxyType = 1;
			remoteGlobalIDString = C949E8B72B4B8E3100A74BF6;
			remoteInfo = NovaApp;
		};
		C949E8D82B4B8E3300A74BF6 /* PBXContainerItemProxy */ = {
			isa = PBXContainerItemProxy;
			containerPortal = C9B28C0C2B48807100F81C98 /* Project object */;
			proxyType = 1;
			remoteGlobalIDString = C949E8B72B4B8E3100A74BF6;
			remoteInfo = NovaApp;
		};
		C949E8FA2B4C6E4E00A74BF6 /* PBXContainerItemProxy */ = {
			isa = PBXContainerItemProxy;
			containerPortal = C9B28C0C2B48807100F81C98 /* Project object */;
			proxyType = 1;
			remoteGlobalIDString = C9B28C142B48807200F81C98;
			remoteInfo = Nova;
		};
		C9B28C212B48807200F81C98 /* PBXContainerItemProxy */ = {
			isa = PBXContainerItemProxy;
			containerPortal = C9B28C0C2B48807100F81C98 /* Project object */;
			proxyType = 1;
			remoteGlobalIDString = C9B28C142B48807200F81C98;
			remoteInfo = Nova;
		};
/* End PBXContainerItemProxy section */

/* Begin PBXFileReference section */
		C949E89B2B4A067400A74BF6 /* SupabaseAPIInfo.swift */ = {isa = PBXFileReference; lastKnownFileType = sourcecode.swift; path = SupabaseAPIInfo.swift; sourceTree = "<group>"; };
		C949E89D2B4A071600A74BF6 /* SupabaseAPIClient.swift */ = {isa = PBXFileReference; lastKnownFileType = sourcecode.swift; path = SupabaseAPIClient.swift; sourceTree = "<group>"; };
		C949E8A22B4A08D300A74BF6 /* SupabaseAPIClientTests.swift */ = {isa = PBXFileReference; lastKnownFileType = sourcecode.swift; path = SupabaseAPIClientTests.swift; sourceTree = "<group>"; };
		C949E8A42B4A191500A74BF6 /* SupabaseTableName.swift */ = {isa = PBXFileReference; lastKnownFileType = sourcecode.swift; path = SupabaseTableName.swift; sourceTree = "<group>"; };
		C949E8A62B4A192900A74BF6 /* SupabaseService.swift */ = {isa = PBXFileReference; lastKnownFileType = sourcecode.swift; path = SupabaseService.swift; sourceTree = "<group>"; };
		C949E8AA2B4A195F00A74BF6 /* SupabaseDatabaseClient.swift */ = {isa = PBXFileReference; lastKnownFileType = sourcecode.swift; path = SupabaseDatabaseClient.swift; sourceTree = "<group>"; };
		C949E8AD2B4A1B5F00A74BF6 /* XCTestCase+MemoryLeakTracking.swift */ = {isa = PBXFileReference; lastKnownFileType = sourcecode.swift; path = "XCTestCase+MemoryLeakTracking.swift"; sourceTree = "<group>"; };
		C949E8AF2B4A1C9600A74BF6 /* SharedTestHelpers.swift */ = {isa = PBXFileReference; lastKnownFileType = sourcecode.swift; path = SharedTestHelpers.swift; sourceTree = "<group>"; };
		C949E8B22B4B8D7900A74BF6 /* DailyChallenge.swift */ = {isa = PBXFileReference; lastKnownFileType = sourcecode.swift; path = DailyChallenge.swift; sourceTree = "<group>"; };
		C949E8B82B4B8E3100A74BF6 /* NovaApp.app */ = {isa = PBXFileReference; explicitFileType = wrapper.application; includeInIndex = 0; path = NovaApp.app; sourceTree = BUILT_PRODUCTS_DIR; };
		C949E8BA2B4B8E3100A74BF6 /* AppDelegate.swift */ = {isa = PBXFileReference; lastKnownFileType = sourcecode.swift; path = AppDelegate.swift; sourceTree = "<group>"; };
		C949E8BC2B4B8E3100A74BF6 /* SceneDelegate.swift */ = {isa = PBXFileReference; lastKnownFileType = sourcecode.swift; path = SceneDelegate.swift; sourceTree = "<group>"; };
		C949E8BE2B4B8E3100A74BF6 /* ViewController.swift */ = {isa = PBXFileReference; lastKnownFileType = sourcecode.swift; path = ViewController.swift; sourceTree = "<group>"; };
		C949E8C32B4B8E3300A74BF6 /* Assets.xcassets */ = {isa = PBXFileReference; lastKnownFileType = folder.assetcatalog; path = Assets.xcassets; sourceTree = "<group>"; };
		C949E8C62B4B8E3300A74BF6 /* Base */ = {isa = PBXFileReference; lastKnownFileType = file.storyboard; name = Base; path = Base.lproj/LaunchScreen.storyboard; sourceTree = "<group>"; };
		C949E8C82B4B8E3300A74BF6 /* Info.plist */ = {isa = PBXFileReference; lastKnownFileType = text.plist.xml; path = Info.plist; sourceTree = "<group>"; };
		C949E8CD2B4B8E3300A74BF6 /* NovaAppTests.xctest */ = {isa = PBXFileReference; explicitFileType = wrapper.cfbundle; includeInIndex = 0; path = NovaAppTests.xctest; sourceTree = BUILT_PRODUCTS_DIR; };
		C949E8D12B4B8E3300A74BF6 /* NovaAppTests.swift */ = {isa = PBXFileReference; lastKnownFileType = sourcecode.swift; path = NovaAppTests.swift; sourceTree = "<group>"; };
		C949E8D72B4B8E3300A74BF6 /* NovaAppUITests.xctest */ = {isa = PBXFileReference; explicitFileType = wrapper.cfbundle; includeInIndex = 0; path = NovaAppUITests.xctest; sourceTree = BUILT_PRODUCTS_DIR; };
		C949E8DB2B4B8E3300A74BF6 /* NovaAppUITests.swift */ = {isa = PBXFileReference; lastKnownFileType = sourcecode.swift; path = NovaAppUITests.swift; sourceTree = "<group>"; };
		C949E8DD2B4B8E3300A74BF6 /* NovaAppUITestsLaunchTests.swift */ = {isa = PBXFileReference; lastKnownFileType = sourcecode.swift; path = NovaAppUITestsLaunchTests.swift; sourceTree = "<group>"; };
		C949E8E92B4B936900A74BF6 /* DailyChallengeLoader.swift */ = {isa = PBXFileReference; lastKnownFileType = sourcecode.swift; path = DailyChallengeLoader.swift; sourceTree = "<group>"; };
		C949E8ED2B4B940B00A74BF6 /* DailyChallengeLoaderTests.swift */ = {isa = PBXFileReference; lastKnownFileType = sourcecode.swift; path = DailyChallengeLoaderTests.swift; sourceTree = "<group>"; };
		C949E8EF2B4C686F00A74BF6 /* SupabaseDatabaseContact.swift */ = {isa = PBXFileReference; lastKnownFileType = sourcecode.swift; path = SupabaseDatabaseContact.swift; sourceTree = "<group>"; };
		C949E8F52B4C6E4E00A74BF6 /* DailyChallengeEndToEndTests.xctest */ = {isa = PBXFileReference; explicitFileType = wrapper.cfbundle; includeInIndex = 0; path = DailyChallengeEndToEndTests.xctest; sourceTree = BUILT_PRODUCTS_DIR; };
		C949E8F72B4C6E4E00A74BF6 /* DailyChallengeEndToEndTests.swift */ = {isa = PBXFileReference; lastKnownFileType = sourcecode.swift; path = DailyChallengeEndToEndTests.swift; sourceTree = "<group>"; };
		C949E9012B4C822E00A74BF6 /* DailyChallengePresenter.swift */ = {isa = PBXFileReference; lastKnownFileType = sourcecode.swift; path = DailyChallengePresenter.swift; sourceTree = "<group>"; };
		C949E9042B4CCECE00A74BF6 /* DailyChallengePresenterTests.swift */ = {isa = PBXFileReference; lastKnownFileType = sourcecode.swift; path = DailyChallengePresenterTests.swift; sourceTree = "<group>"; };
		C949E9062B4CD16200A74BF6 /* Localizable.xcstrings */ = {isa = PBXFileReference; lastKnownFileType = text.json.xcstrings; path = Localizable.xcstrings; sourceTree = "<group>"; };
		C949E9092B4DB1B000A74BF6 /* LoadResourcePresenterTests.swift */ = {isa = PBXFileReference; lastKnownFileType = sourcecode.swift; path = LoadResourcePresenterTests.swift; sourceTree = "<group>"; };
		C949E90C2B4DB1F700A74BF6 /* ResourceView.swift */ = {isa = PBXFileReference; lastKnownFileType = sourcecode.swift; path = ResourceView.swift; sourceTree = "<group>"; };
		C949E90E2B4DCAFC00A74BF6 /* ResourceErrorView.swift */ = {isa = PBXFileReference; lastKnownFileType = sourcecode.swift; path = ResourceErrorView.swift; sourceTree = "<group>"; };
		C949E9102B4DCB0A00A74BF6 /* ResourceErrorViewModel.swift */ = {isa = PBXFileReference; lastKnownFileType = sourcecode.swift; path = ResourceErrorViewModel.swift; sourceTree = "<group>"; };
		C949E9122B4DCB2F00A74BF6 /* ResourceLoadingViewModel.swift */ = {isa = PBXFileReference; lastKnownFileType = sourcecode.swift; path = ResourceLoadingViewModel.swift; sourceTree = "<group>"; };
		C949E9142B4DCB3E00A74BF6 /* ResourceLoadingView.swift */ = {isa = PBXFileReference; lastKnownFileType = sourcecode.swift; path = ResourceLoadingView.swift; sourceTree = "<group>"; };
		C949E9162B4DCB5300A74BF6 /* LoadResourcePresenter.swift */ = {isa = PBXFileReference; lastKnownFileType = sourcecode.swift; path = LoadResourcePresenter.swift; sourceTree = "<group>"; };
		C9B28C152B48807200F81C98 /* Nova.framework */ = {isa = PBXFileReference; explicitFileType = wrapper.framework; includeInIndex = 0; path = Nova.framework; sourceTree = BUILT_PRODUCTS_DIR; };
		C9B28C182B48807200F81C98 /* Nova.h */ = {isa = PBXFileReference; lastKnownFileType = sourcecode.c.h; path = Nova.h; sourceTree = "<group>"; };
		C9B28C192B48807200F81C98 /* Nova.docc */ = {isa = PBXFileReference; lastKnownFileType = folder.documentationcatalog; path = Nova.docc; sourceTree = "<group>"; };
		C9B28C1F2B48807200F81C98 /* NovaTests.xctest */ = {isa = PBXFileReference; explicitFileType = wrapper.cfbundle; includeInIndex = 0; path = NovaTests.xctest; sourceTree = BUILT_PRODUCTS_DIR; };
		C9B28C2F2B48978D00F81C98 /* CI_macOS.xctestplan */ = {isa = PBXFileReference; lastKnownFileType = text; path = CI_macOS.xctestplan; sourceTree = SOURCE_ROOT; };
/* End PBXFileReference section */

/* Begin PBXFrameworksBuildPhase section */
		C949E8B52B4B8E3100A74BF6 /* Frameworks */ = {
			isa = PBXFrameworksBuildPhase;
			buildActionMask = 2147483647;
			files = (
			);
			runOnlyForDeploymentPostprocessing = 0;
		};
		C949E8CA2B4B8E3300A74BF6 /* Frameworks */ = {
			isa = PBXFrameworksBuildPhase;
			buildActionMask = 2147483647;
			files = (
			);
			runOnlyForDeploymentPostprocessing = 0;
		};
		C949E8D42B4B8E3300A74BF6 /* Frameworks */ = {
			isa = PBXFrameworksBuildPhase;
			buildActionMask = 2147483647;
			files = (
			);
			runOnlyForDeploymentPostprocessing = 0;
		};
		C949E8F22B4C6E4E00A74BF6 /* Frameworks */ = {
			isa = PBXFrameworksBuildPhase;
			buildActionMask = 2147483647;
			files = (
				C949E8F92B4C6E4E00A74BF6 /* Nova.framework in Frameworks */,
			);
			runOnlyForDeploymentPostprocessing = 0;
		};
		C9B28C122B48807200F81C98 /* Frameworks */ = {
			isa = PBXFrameworksBuildPhase;
			buildActionMask = 2147483647;
			files = (
				C949E8922B48CC0900A74BF6 /* PostgREST in Frameworks */,
				C949E8902B48CC0900A74BF6 /* Functions in Frameworks */,
				C949E8A12B4A075900A74BF6 /* Supabase in Frameworks */,
				C949E88E2B48CC0900A74BF6 /* Auth in Frameworks */,
				C949E8962B48CC0900A74BF6 /* Storage in Frameworks */,
				C949E8942B48CC0900A74BF6 /* Realtime in Frameworks */,
			);
			runOnlyForDeploymentPostprocessing = 0;
		};
		C9B28C1C2B48807200F81C98 /* Frameworks */ = {
			isa = PBXFrameworksBuildPhase;
			buildActionMask = 2147483647;
			files = (
				C9B28C202B48807200F81C98 /* Nova.framework in Frameworks */,
			);
			runOnlyForDeploymentPostprocessing = 0;
		};
/* End PBXFrameworksBuildPhase section */

/* Begin PBXGroup section */
		C949E8972B4A062600A74BF6 /* Supabase */ = {
			isa = PBXGroup;
			children = (
				C949E89B2B4A067400A74BF6 /* SupabaseAPIInfo.swift */,
				C949E89D2B4A071600A74BF6 /* SupabaseAPIClient.swift */,
				C949E8A42B4A191500A74BF6 /* SupabaseTableName.swift */,
				C949E8A62B4A192900A74BF6 /* SupabaseService.swift */,
				C949E8AA2B4A195F00A74BF6 /* SupabaseDatabaseClient.swift */,
				C949E8EF2B4C686F00A74BF6 /* SupabaseDatabaseContact.swift */,
			);
			path = Supabase;
			sourceTree = "<group>";
		};
		C949E89F2B4A075900A74BF6 /* Frameworks */ = {
			isa = PBXGroup;
			children = (
			);
			name = Frameworks;
			sourceTree = "<group>";
		};
		C949E8AC2B4A1B5000A74BF6 /* Helpers */ = {
			isa = PBXGroup;
			children = (
				C949E8AD2B4A1B5F00A74BF6 /* XCTestCase+MemoryLeakTracking.swift */,
				C949E8AF2B4A1C9600A74BF6 /* SharedTestHelpers.swift */,
			);
			path = Helpers;
			sourceTree = "<group>";
		};
		C949E8B12B4B8D6F00A74BF6 /* Daily Challenge Feature */ = {
			isa = PBXGroup;
			children = (
				C949E8B22B4B8D7900A74BF6 /* DailyChallenge.swift */,
			);
			path = "Daily Challenge Feature";
			sourceTree = "<group>";
		};
		C949E8B92B4B8E3100A74BF6 /* NovaApp */ = {
			isa = PBXGroup;
			children = (
				C949E8BA2B4B8E3100A74BF6 /* AppDelegate.swift */,
				C949E8BC2B4B8E3100A74BF6 /* SceneDelegate.swift */,
				C949E8BE2B4B8E3100A74BF6 /* ViewController.swift */,
				C949E8C32B4B8E3300A74BF6 /* Assets.xcassets */,
				C949E8C52B4B8E3300A74BF6 /* LaunchScreen.storyboard */,
				C949E8C82B4B8E3300A74BF6 /* Info.plist */,
			);
			path = NovaApp;
			sourceTree = "<group>";
		};
		C949E8D02B4B8E3300A74BF6 /* NovaAppTests */ = {
			isa = PBXGroup;
			children = (
				C949E8D12B4B8E3300A74BF6 /* NovaAppTests.swift */,
			);
			path = NovaAppTests;
			sourceTree = "<group>";
		};
		C949E8DA2B4B8E3300A74BF6 /* NovaAppUITests */ = {
			isa = PBXGroup;
			children = (
				C949E8DB2B4B8E3300A74BF6 /* NovaAppUITests.swift */,
				C949E8DD2B4B8E3300A74BF6 /* NovaAppUITestsLaunchTests.swift */,
			);
			path = NovaAppUITests;
			sourceTree = "<group>";
		};
		C949E8E82B4B934800A74BF6 /* Daily Challenge API */ = {
			isa = PBXGroup;
			children = (
				C949E8E92B4B936900A74BF6 /* DailyChallengeLoader.swift */,
			);
			path = "Daily Challenge API";
			sourceTree = "<group>";
		};
		C949E8EB2B4B93CA00A74BF6 /* Supabase API */ = {
			isa = PBXGroup;
			children = (
				C949E8A22B4A08D300A74BF6 /* SupabaseAPIClientTests.swift */,
			);
			path = "Supabase API";
			sourceTree = "<group>";
		};
		C949E8EC2B4B93DA00A74BF6 /* Daily Challenge API */ = {
			isa = PBXGroup;
			children = (
				C949E8ED2B4B940B00A74BF6 /* DailyChallengeLoaderTests.swift */,
			);
			path = "Daily Challenge API";
			sourceTree = "<group>";
		};
		C949E8F62B4C6E4E00A74BF6 /* DailyChallengeEndToEndTests */ = {
			isa = PBXGroup;
			children = (
				C949E8F72B4C6E4E00A74BF6 /* DailyChallengeEndToEndTests.swift */,
			);
			path = DailyChallengeEndToEndTests;
			sourceTree = "<group>";
		};
		C949E9002B4C7D2400A74BF6 /* Feed Presentation */ = {
			isa = PBXGroup;
			children = (
				C949E9012B4C822E00A74BF6 /* DailyChallengePresenter.swift */,
				C949E9062B4CD16200A74BF6 /* Localizable.xcstrings */,
			);
			path = "Feed Presentation";
			sourceTree = "<group>";
		};
		C949E9032B4CCEB200A74BF6 /* Feed Presentation */ = {
			isa = PBXGroup;
			children = (
				C949E9042B4CCECE00A74BF6 /* DailyChallengePresenterTests.swift */,
			);
			path = "Feed Presentation";
			sourceTree = "<group>";
		};
		C949E9082B4DB19B00A74BF6 /* Shared Presentation */ = {
			isa = PBXGroup;
			children = (
				C949E9092B4DB1B000A74BF6 /* LoadResourcePresenterTests.swift */,
			);
			path = "Shared Presentation";
			sourceTree = "<group>";
		};
		C949E90B2B4DB1E300A74BF6 /* Shared Presentation */ = {
			isa = PBXGroup;
			children = (
				C949E90C2B4DB1F700A74BF6 /* ResourceView.swift */,
				C949E9162B4DCB5300A74BF6 /* LoadResourcePresenter.swift */,
				C949E90E2B4DCAFC00A74BF6 /* ResourceErrorView.swift */,
				C949E9102B4DCB0A00A74BF6 /* ResourceErrorViewModel.swift */,
				C949E9122B4DCB2F00A74BF6 /* ResourceLoadingViewModel.swift */,
				C949E9142B4DCB3E00A74BF6 /* ResourceLoadingView.swift */,
			);
			path = "Shared Presentation";
			sourceTree = "<group>";
		};
		C9B28C0B2B48807100F81C98 = {
			isa = PBXGroup;
			children = (
				C9B28C172B48807200F81C98 /* Nova */,
				C9B28C232B48807200F81C98 /* NovaTests */,
				C949E8F62B4C6E4E00A74BF6 /* DailyChallengeEndToEndTests */,
				C949E8B92B4B8E3100A74BF6 /* NovaApp */,
				C949E8D02B4B8E3300A74BF6 /* NovaAppTests */,
				C949E8DA2B4B8E3300A74BF6 /* NovaAppUITests */,
				C9B28C162B48807200F81C98 /* Products */,
				C949E89F2B4A075900A74BF6 /* Frameworks */,
			);
			sourceTree = "<group>";
		};
		C9B28C162B48807200F81C98 /* Products */ = {
			isa = PBXGroup;
			children = (
				C9B28C152B48807200F81C98 /* Nova.framework */,
				C9B28C1F2B48807200F81C98 /* NovaTests.xctest */,
				C949E8B82B4B8E3100A74BF6 /* NovaApp.app */,
				C949E8CD2B4B8E3300A74BF6 /* NovaAppTests.xctest */,
				C949E8D72B4B8E3300A74BF6 /* NovaAppUITests.xctest */,
				C949E8F52B4C6E4E00A74BF6 /* DailyChallengeEndToEndTests.xctest */,
			);
			name = Products;
			sourceTree = "<group>";
		};
		C9B28C172B48807200F81C98 /* Nova */ = {
			isa = PBXGroup;
			children = (
				C949E90B2B4DB1E300A74BF6 /* Shared Presentation */,
				C949E9002B4C7D2400A74BF6 /* Feed Presentation */,
				C949E8E82B4B934800A74BF6 /* Daily Challenge API */,
				C949E8B12B4B8D6F00A74BF6 /* Daily Challenge Feature */,
				C949E8972B4A062600A74BF6 /* Supabase */,
				C9B28C182B48807200F81C98 /* Nova.h */,
				C9B28C2F2B48978D00F81C98 /* CI_macOS.xctestplan */,
				C9B28C192B48807200F81C98 /* Nova.docc */,
			);
			path = Nova;
			sourceTree = "<group>";
		};
		C9B28C232B48807200F81C98 /* NovaTests */ = {
			isa = PBXGroup;
			children = (
				C949E9082B4DB19B00A74BF6 /* Shared Presentation */,
				C949E9032B4CCEB200A74BF6 /* Feed Presentation */,
				C949E8AC2B4A1B5000A74BF6 /* Helpers */,
				C949E8EC2B4B93DA00A74BF6 /* Daily Challenge API */,
				C949E8EB2B4B93CA00A74BF6 /* Supabase API */,
			);
			path = NovaTests;
			sourceTree = "<group>";
		};
/* End PBXGroup section */

/* Begin PBXHeadersBuildPhase section */
		C9B28C102B48807200F81C98 /* Headers */ = {
			isa = PBXHeadersBuildPhase;
			buildActionMask = 2147483647;
			files = (
				C9B28C262B48807200F81C98 /* Nova.h in Headers */,
			);
			runOnlyForDeploymentPostprocessing = 0;
		};
/* End PBXHeadersBuildPhase section */

/* Begin PBXNativeTarget section */
		C949E8B72B4B8E3100A74BF6 /* NovaApp */ = {
			isa = PBXNativeTarget;
			buildConfigurationList = C949E8DF2B4B8E3300A74BF6 /* Build configuration list for PBXNativeTarget "NovaApp" */;
			buildPhases = (
				C949E8B42B4B8E3100A74BF6 /* Sources */,
				C949E8B52B4B8E3100A74BF6 /* Frameworks */,
				C949E8B62B4B8E3100A74BF6 /* Resources */,
			);
			buildRules = (
			);
			dependencies = (
			);
			name = NovaApp;
			productName = NovaApp;
			productReference = C949E8B82B4B8E3100A74BF6 /* NovaApp.app */;
			productType = "com.apple.product-type.application";
		};
		C949E8CC2B4B8E3300A74BF6 /* NovaAppTests */ = {
			isa = PBXNativeTarget;
			buildConfigurationList = C949E8E22B4B8E3300A74BF6 /* Build configuration list for PBXNativeTarget "NovaAppTests" */;
			buildPhases = (
				C949E8C92B4B8E3300A74BF6 /* Sources */,
				C949E8CA2B4B8E3300A74BF6 /* Frameworks */,
				C949E8CB2B4B8E3300A74BF6 /* Resources */,
			);
			buildRules = (
			);
			dependencies = (
				C949E8CF2B4B8E3300A74BF6 /* PBXTargetDependency */,
			);
			name = NovaAppTests;
			productName = NovaAppTests;
			productReference = C949E8CD2B4B8E3300A74BF6 /* NovaAppTests.xctest */;
			productType = "com.apple.product-type.bundle.unit-test";
		};
		C949E8D62B4B8E3300A74BF6 /* NovaAppUITests */ = {
			isa = PBXNativeTarget;
			buildConfigurationList = C949E8E52B4B8E3300A74BF6 /* Build configuration list for PBXNativeTarget "NovaAppUITests" */;
			buildPhases = (
				C949E8D32B4B8E3300A74BF6 /* Sources */,
				C949E8D42B4B8E3300A74BF6 /* Frameworks */,
				C949E8D52B4B8E3300A74BF6 /* Resources */,
			);
			buildRules = (
			);
			dependencies = (
				C949E8D92B4B8E3300A74BF6 /* PBXTargetDependency */,
			);
			name = NovaAppUITests;
			productName = NovaAppUITests;
			productReference = C949E8D72B4B8E3300A74BF6 /* NovaAppUITests.xctest */;
			productType = "com.apple.product-type.bundle.ui-testing";
		};
		C949E8F42B4C6E4E00A74BF6 /* DailyChallengeEndToEndTests */ = {
			isa = PBXNativeTarget;
			buildConfigurationList = C949E8FC2B4C6E4E00A74BF6 /* Build configuration list for PBXNativeTarget "DailyChallengeEndToEndTests" */;
			buildPhases = (
				C949E8F12B4C6E4E00A74BF6 /* Sources */,
				C949E8F22B4C6E4E00A74BF6 /* Frameworks */,
				C949E8F32B4C6E4E00A74BF6 /* Resources */,
			);
			buildRules = (
			);
			dependencies = (
				C949E8FB2B4C6E4E00A74BF6 /* PBXTargetDependency */,
			);
			name = DailyChallengeEndToEndTests;
			productName = DailyChallengeEndToEndTests;
			productReference = C949E8F52B4C6E4E00A74BF6 /* DailyChallengeEndToEndTests.xctest */;
			productType = "com.apple.product-type.bundle.unit-test";
		};
		C9B28C142B48807200F81C98 /* Nova */ = {
			isa = PBXNativeTarget;
			buildConfigurationList = C9B28C292B48807200F81C98 /* Build configuration list for PBXNativeTarget "Nova" */;
			buildPhases = (
				C9B28C102B48807200F81C98 /* Headers */,
				C9B28C112B48807200F81C98 /* Sources */,
				C9B28C122B48807200F81C98 /* Frameworks */,
				C9B28C132B48807200F81C98 /* Resources */,
			);
			buildRules = (
			);
			dependencies = (
			);
			name = Nova;
			packageProductDependencies = (
				C949E88D2B48CC0900A74BF6 /* Auth */,
				C949E88F2B48CC0900A74BF6 /* Functions */,
				C949E8912B48CC0900A74BF6 /* PostgREST */,
				C949E8932B48CC0900A74BF6 /* Realtime */,
				C949E8952B48CC0900A74BF6 /* Storage */,
				C949E8A02B4A075900A74BF6 /* Supabase */,
			);
			productName = Nova;
			productReference = C9B28C152B48807200F81C98 /* Nova.framework */;
			productType = "com.apple.product-type.framework";
		};
		C9B28C1E2B48807200F81C98 /* NovaTests */ = {
			isa = PBXNativeTarget;
			buildConfigurationList = C9B28C2C2B48807200F81C98 /* Build configuration list for PBXNativeTarget "NovaTests" */;
			buildPhases = (
				C9B28C1B2B48807200F81C98 /* Sources */,
				C9B28C1C2B48807200F81C98 /* Frameworks */,
				C9B28C1D2B48807200F81C98 /* Resources */,
			);
			buildRules = (
			);
			dependencies = (
				C9B28C222B48807200F81C98 /* PBXTargetDependency */,
			);
			name = NovaTests;
			productName = NovaTests;
			productReference = C9B28C1F2B48807200F81C98 /* NovaTests.xctest */;
			productType = "com.apple.product-type.bundle.unit-test";
		};
/* End PBXNativeTarget section */

/* Begin PBXProject section */
		C9B28C0C2B48807100F81C98 /* Project object */ = {
			isa = PBXProject;
			attributes = {
				BuildIndependentTargetsInParallel = 1;
				LastSwiftUpdateCheck = 1510;
				LastUpgradeCheck = 1510;
				TargetAttributes = {
					C949E8B72B4B8E3100A74BF6 = {
						CreatedOnToolsVersion = 15.1;
					};
					C949E8CC2B4B8E3300A74BF6 = {
						CreatedOnToolsVersion = 15.1;
						TestTargetID = C949E8B72B4B8E3100A74BF6;
					};
					C949E8D62B4B8E3300A74BF6 = {
						CreatedOnToolsVersion = 15.1;
						TestTargetID = C949E8B72B4B8E3100A74BF6;
					};
					C949E8F42B4C6E4E00A74BF6 = {
						CreatedOnToolsVersion = 15.1;
					};
					C9B28C142B48807200F81C98 = {
						CreatedOnToolsVersion = 15.1;
					};
					C9B28C1E2B48807200F81C98 = {
						CreatedOnToolsVersion = 15.1;
					};
				};
			};
			buildConfigurationList = C9B28C0F2B48807100F81C98 /* Build configuration list for PBXProject "Nova" */;
			compatibilityVersion = "Xcode 14.0";
			developmentRegion = en;
			hasScannedForEncodings = 0;
			knownRegions = (
				en,
				Base,
				"pt-BR",
			);
			mainGroup = C9B28C0B2B48807100F81C98;
			packageReferences = (
				C949E88C2B48CC0900A74BF6 /* XCRemoteSwiftPackageReference "supabase-swift" */,
			);
			productRefGroup = C9B28C162B48807200F81C98 /* Products */;
			projectDirPath = "";
			projectRoot = "";
			targets = (
				C9B28C142B48807200F81C98 /* Nova */,
				C9B28C1E2B48807200F81C98 /* NovaTests */,
				C949E8F42B4C6E4E00A74BF6 /* DailyChallengeEndToEndTests */,
				C949E8B72B4B8E3100A74BF6 /* NovaApp */,
				C949E8CC2B4B8E3300A74BF6 /* NovaAppTests */,
				C949E8D62B4B8E3300A74BF6 /* NovaAppUITests */,
			);
		};
/* End PBXProject section */

/* Begin PBXResourcesBuildPhase section */
		C949E8B62B4B8E3100A74BF6 /* Resources */ = {
			isa = PBXResourcesBuildPhase;
			buildActionMask = 2147483647;
			files = (
				C949E8C72B4B8E3300A74BF6 /* LaunchScreen.storyboard in Resources */,
				C949E8C42B4B8E3300A74BF6 /* Assets.xcassets in Resources */,
			);
			runOnlyForDeploymentPostprocessing = 0;
		};
		C949E8CB2B4B8E3300A74BF6 /* Resources */ = {
			isa = PBXResourcesBuildPhase;
			buildActionMask = 2147483647;
			files = (
			);
			runOnlyForDeploymentPostprocessing = 0;
		};
		C949E8D52B4B8E3300A74BF6 /* Resources */ = {
			isa = PBXResourcesBuildPhase;
			buildActionMask = 2147483647;
			files = (
			);
			runOnlyForDeploymentPostprocessing = 0;
		};
		C949E8F32B4C6E4E00A74BF6 /* Resources */ = {
			isa = PBXResourcesBuildPhase;
			buildActionMask = 2147483647;
			files = (
			);
			runOnlyForDeploymentPostprocessing = 0;
		};
		C9B28C132B48807200F81C98 /* Resources */ = {
			isa = PBXResourcesBuildPhase;
			buildActionMask = 2147483647;
			files = (
				C949E9072B4CD16200A74BF6 /* Localizable.xcstrings in Resources */,
			);
			runOnlyForDeploymentPostprocessing = 0;
		};
		C9B28C1D2B48807200F81C98 /* Resources */ = {
			isa = PBXResourcesBuildPhase;
			buildActionMask = 2147483647;
			files = (
			);
			runOnlyForDeploymentPostprocessing = 0;
		};
/* End PBXResourcesBuildPhase section */

/* Begin PBXSourcesBuildPhase section */
		C949E8B42B4B8E3100A74BF6 /* Sources */ = {
			isa = PBXSourcesBuildPhase;
			buildActionMask = 2147483647;
			files = (
				C949E8BF2B4B8E3100A74BF6 /* ViewController.swift in Sources */,
				C949E8BB2B4B8E3100A74BF6 /* AppDelegate.swift in Sources */,
				C949E8BD2B4B8E3100A74BF6 /* SceneDelegate.swift in Sources */,
			);
			runOnlyForDeploymentPostprocessing = 0;
		};
		C949E8C92B4B8E3300A74BF6 /* Sources */ = {
			isa = PBXSourcesBuildPhase;
			buildActionMask = 2147483647;
			files = (
				C949E8D22B4B8E3300A74BF6 /* NovaAppTests.swift in Sources */,
			);
			runOnlyForDeploymentPostprocessing = 0;
		};
		C949E8D32B4B8E3300A74BF6 /* Sources */ = {
			isa = PBXSourcesBuildPhase;
			buildActionMask = 2147483647;
			files = (
				C949E8DE2B4B8E3300A74BF6 /* NovaAppUITestsLaunchTests.swift in Sources */,
				C949E8DC2B4B8E3300A74BF6 /* NovaAppUITests.swift in Sources */,
			);
			runOnlyForDeploymentPostprocessing = 0;
		};
		C949E8F12B4C6E4E00A74BF6 /* Sources */ = {
			isa = PBXSourcesBuildPhase;
			buildActionMask = 2147483647;
			files = (
				C949E8F82B4C6E4E00A74BF6 /* DailyChallengeEndToEndTests.swift in Sources */,
				C949E8FF2B4C734700A74BF6 /* XCTestCase+MemoryLeakTracking.swift in Sources */,
			);
			runOnlyForDeploymentPostprocessing = 0;
		};
		C9B28C112B48807200F81C98 /* Sources */ = {
			isa = PBXSourcesBuildPhase;
			buildActionMask = 2147483647;
			files = (
				C949E9022B4C822E00A74BF6 /* DailyChallengePresenter.swift in Sources */,
				C949E8F02B4C686F00A74BF6 /* SupabaseDatabaseContact.swift in Sources */,
				C949E89C2B4A067400A74BF6 /* SupabaseAPIInfo.swift in Sources */,
				C949E89E2B4A071600A74BF6 /* SupabaseAPIClient.swift in Sources */,
				C949E8EA2B4B936900A74BF6 /* DailyChallengeLoader.swift in Sources */,
				C9B28C1A2B48807200F81C98 /* Nova.docc in Sources */,
				C949E9172B4DCB5300A74BF6 /* LoadResourcePresenter.swift in Sources */,
				C949E8A72B4A192900A74BF6 /* SupabaseService.swift in Sources */,
				C949E90F2B4DCAFC00A74BF6 /* ResourceErrorView.swift in Sources */,
				C949E9112B4DCB0A00A74BF6 /* ResourceErrorViewModel.swift in Sources */,
				C949E90D2B4DB1F700A74BF6 /* ResourceView.swift in Sources */,
				C949E8A52B4A191500A74BF6 /* SupabaseTableName.swift in Sources */,
				C949E8AB2B4A195F00A74BF6 /* SupabaseDatabaseClient.swift in Sources */,
				C949E9152B4DCB3E00A74BF6 /* ResourceLoadingView.swift in Sources */,
				C949E8B32B4B8D7900A74BF6 /* DailyChallenge.swift in Sources */,
				C949E9132B4DCB2F00A74BF6 /* ResourceLoadingViewModel.swift in Sources */,
			);
			runOnlyForDeploymentPostprocessing = 0;
		};
		C9B28C1B2B48807200F81C98 /* Sources */ = {
			isa = PBXSourcesBuildPhase;
			buildActionMask = 2147483647;
			files = (
				C949E90A2B4DB1B000A74BF6 /* LoadResourcePresenterTests.swift in Sources */,
				C949E8B02B4A1C9600A74BF6 /* SharedTestHelpers.swift in Sources */,
				C949E8A32B4A08D300A74BF6 /* SupabaseAPIClientTests.swift in Sources */,
				C949E8AE2B4A1B5F00A74BF6 /* XCTestCase+MemoryLeakTracking.swift in Sources */,
				C949E9052B4CCECE00A74BF6 /* DailyChallengePresenterTests.swift in Sources */,
				C949E8EE2B4B940B00A74BF6 /* DailyChallengeLoaderTests.swift in Sources */,
			);
			runOnlyForDeploymentPostprocessing = 0;
		};
/* End PBXSourcesBuildPhase section */

/* Begin PBXTargetDependency section */
		C949E8CF2B4B8E3300A74BF6 /* PBXTargetDependency */ = {
			isa = PBXTargetDependency;
			target = C949E8B72B4B8E3100A74BF6 /* NovaApp */;
			targetProxy = C949E8CE2B4B8E3300A74BF6 /* PBXContainerItemProxy */;
		};
		C949E8D92B4B8E3300A74BF6 /* PBXTargetDependency */ = {
			isa = PBXTargetDependency;
			target = C949E8B72B4B8E3100A74BF6 /* NovaApp */;
			targetProxy = C949E8D82B4B8E3300A74BF6 /* PBXContainerItemProxy */;
		};
		C949E8FB2B4C6E4E00A74BF6 /* PBXTargetDependency */ = {
			isa = PBXTargetDependency;
			target = C9B28C142B48807200F81C98 /* Nova */;
			targetProxy = C949E8FA2B4C6E4E00A74BF6 /* PBXContainerItemProxy */;
		};
		C9B28C222B48807200F81C98 /* PBXTargetDependency */ = {
			isa = PBXTargetDependency;
			target = C9B28C142B48807200F81C98 /* Nova */;
			targetProxy = C9B28C212B48807200F81C98 /* PBXContainerItemProxy */;
		};
/* End PBXTargetDependency section */

/* Begin PBXVariantGroup section */
		C949E8C52B4B8E3300A74BF6 /* LaunchScreen.storyboard */ = {
			isa = PBXVariantGroup;
			children = (
				C949E8C62B4B8E3300A74BF6 /* Base */,
			);
			name = LaunchScreen.storyboard;
			sourceTree = "<group>";
		};
/* End PBXVariantGroup section */

/* Begin XCBuildConfiguration section */
		C949E8E02B4B8E3300A74BF6 /* Debug */ = {
			isa = XCBuildConfiguration;
			buildSettings = {
				ASSETCATALOG_COMPILER_APPICON_NAME = AppIcon;
				ASSETCATALOG_COMPILER_GLOBAL_ACCENT_COLOR_NAME = AccentColor;
				CODE_SIGN_STYLE = Automatic;
				CURRENT_PROJECT_VERSION = 1;
				DEVELOPMENT_TEAM = 6WA5TYMFND;
				GENERATE_INFOPLIST_FILE = YES;
				INFOPLIST_FILE = NovaApp/Info.plist;
				INFOPLIST_KEY_UIApplicationSupportsIndirectInputEvents = YES;
				INFOPLIST_KEY_UILaunchStoryboardName = LaunchScreen;
				INFOPLIST_KEY_UISupportedInterfaceOrientations_iPad = "UIInterfaceOrientationPortrait UIInterfaceOrientationPortraitUpsideDown UIInterfaceOrientationLandscapeLeft UIInterfaceOrientationLandscapeRight";
				INFOPLIST_KEY_UISupportedInterfaceOrientations_iPhone = "UIInterfaceOrientationPortrait UIInterfaceOrientationLandscapeLeft UIInterfaceOrientationLandscapeRight";
				IPHONEOS_DEPLOYMENT_TARGET = 17.2;
				LD_RUNPATH_SEARCH_PATHS = (
					"$(inherited)",
					"@executable_path/Frameworks",
				);
				MARKETING_VERSION = 1.0;
				PRODUCT_BUNDLE_IDENTIFIER = FrioSolutions.NovaApp;
				PRODUCT_NAME = "$(TARGET_NAME)";
				SDKROOT = iphoneos;
				SWIFT_EMIT_LOC_STRINGS = YES;
				SWIFT_VERSION = 5.0;
				TARGETED_DEVICE_FAMILY = "1,2";
			};
			name = Debug;
		};
		C949E8E12B4B8E3300A74BF6 /* Release */ = {
			isa = XCBuildConfiguration;
			buildSettings = {
				ASSETCATALOG_COMPILER_APPICON_NAME = AppIcon;
				ASSETCATALOG_COMPILER_GLOBAL_ACCENT_COLOR_NAME = AccentColor;
				CODE_SIGN_STYLE = Automatic;
				CURRENT_PROJECT_VERSION = 1;
				DEVELOPMENT_TEAM = 6WA5TYMFND;
				GENERATE_INFOPLIST_FILE = YES;
				INFOPLIST_FILE = NovaApp/Info.plist;
				INFOPLIST_KEY_UIApplicationSupportsIndirectInputEvents = YES;
				INFOPLIST_KEY_UILaunchStoryboardName = LaunchScreen;
				INFOPLIST_KEY_UISupportedInterfaceOrientations_iPad = "UIInterfaceOrientationPortrait UIInterfaceOrientationPortraitUpsideDown UIInterfaceOrientationLandscapeLeft UIInterfaceOrientationLandscapeRight";
				INFOPLIST_KEY_UISupportedInterfaceOrientations_iPhone = "UIInterfaceOrientationPortrait UIInterfaceOrientationLandscapeLeft UIInterfaceOrientationLandscapeRight";
				IPHONEOS_DEPLOYMENT_TARGET = 17.2;
				LD_RUNPATH_SEARCH_PATHS = (
					"$(inherited)",
					"@executable_path/Frameworks",
				);
				MARKETING_VERSION = 1.0;
				PRODUCT_BUNDLE_IDENTIFIER = FrioSolutions.NovaApp;
				PRODUCT_NAME = "$(TARGET_NAME)";
				SDKROOT = iphoneos;
				SWIFT_EMIT_LOC_STRINGS = YES;
				SWIFT_VERSION = 5.0;
				TARGETED_DEVICE_FAMILY = "1,2";
				VALIDATE_PRODUCT = YES;
			};
			name = Release;
		};
		C949E8E32B4B8E3300A74BF6 /* Debug */ = {
			isa = XCBuildConfiguration;
			buildSettings = {
				ALWAYS_EMBED_SWIFT_STANDARD_LIBRARIES = YES;
				BUNDLE_LOADER = "$(TEST_HOST)";
				CODE_SIGN_STYLE = Automatic;
				CURRENT_PROJECT_VERSION = 1;
				DEVELOPMENT_TEAM = 6WA5TYMFND;
				GENERATE_INFOPLIST_FILE = YES;
				IPHONEOS_DEPLOYMENT_TARGET = 17.2;
				MARKETING_VERSION = 1.0;
				PRODUCT_BUNDLE_IDENTIFIER = FrioSolutions.NovaAppTests;
				PRODUCT_NAME = "$(TARGET_NAME)";
				SDKROOT = iphoneos;
				SWIFT_EMIT_LOC_STRINGS = NO;
				SWIFT_VERSION = 5.0;
				TARGETED_DEVICE_FAMILY = "1,2";
				TEST_HOST = "$(BUILT_PRODUCTS_DIR)/NovaApp.app/$(BUNDLE_EXECUTABLE_FOLDER_PATH)/NovaApp";
			};
			name = Debug;
		};
		C949E8E42B4B8E3300A74BF6 /* Release */ = {
			isa = XCBuildConfiguration;
			buildSettings = {
				ALWAYS_EMBED_SWIFT_STANDARD_LIBRARIES = YES;
				BUNDLE_LOADER = "$(TEST_HOST)";
				CODE_SIGN_STYLE = Automatic;
				CURRENT_PROJECT_VERSION = 1;
				DEVELOPMENT_TEAM = 6WA5TYMFND;
				GENERATE_INFOPLIST_FILE = YES;
				IPHONEOS_DEPLOYMENT_TARGET = 17.2;
				MARKETING_VERSION = 1.0;
				PRODUCT_BUNDLE_IDENTIFIER = FrioSolutions.NovaAppTests;
				PRODUCT_NAME = "$(TARGET_NAME)";
				SDKROOT = iphoneos;
				SWIFT_EMIT_LOC_STRINGS = NO;
				SWIFT_VERSION = 5.0;
				TARGETED_DEVICE_FAMILY = "1,2";
				TEST_HOST = "$(BUILT_PRODUCTS_DIR)/NovaApp.app/$(BUNDLE_EXECUTABLE_FOLDER_PATH)/NovaApp";
				VALIDATE_PRODUCT = YES;
			};
			name = Release;
		};
		C949E8E62B4B8E3300A74BF6 /* Debug */ = {
			isa = XCBuildConfiguration;
			buildSettings = {
				ALWAYS_EMBED_SWIFT_STANDARD_LIBRARIES = YES;
				CODE_SIGN_STYLE = Automatic;
				CURRENT_PROJECT_VERSION = 1;
				DEVELOPMENT_TEAM = 6WA5TYMFND;
				GENERATE_INFOPLIST_FILE = YES;
				IPHONEOS_DEPLOYMENT_TARGET = 17.2;
				MARKETING_VERSION = 1.0;
				PRODUCT_BUNDLE_IDENTIFIER = FrioSolutions.NovaAppUITests;
				PRODUCT_NAME = "$(TARGET_NAME)";
				SDKROOT = iphoneos;
				SWIFT_EMIT_LOC_STRINGS = NO;
				SWIFT_VERSION = 5.0;
				TARGETED_DEVICE_FAMILY = "1,2";
				TEST_TARGET_NAME = NovaApp;
			};
			name = Debug;
		};
		C949E8E72B4B8E3300A74BF6 /* Release */ = {
			isa = XCBuildConfiguration;
			buildSettings = {
				ALWAYS_EMBED_SWIFT_STANDARD_LIBRARIES = YES;
				CODE_SIGN_STYLE = Automatic;
				CURRENT_PROJECT_VERSION = 1;
				DEVELOPMENT_TEAM = 6WA5TYMFND;
				GENERATE_INFOPLIST_FILE = YES;
				IPHONEOS_DEPLOYMENT_TARGET = 17.2;
				MARKETING_VERSION = 1.0;
				PRODUCT_BUNDLE_IDENTIFIER = FrioSolutions.NovaAppUITests;
				PRODUCT_NAME = "$(TARGET_NAME)";
				SDKROOT = iphoneos;
				SWIFT_EMIT_LOC_STRINGS = NO;
				SWIFT_VERSION = 5.0;
				TARGETED_DEVICE_FAMILY = "1,2";
				TEST_TARGET_NAME = NovaApp;
				VALIDATE_PRODUCT = YES;
			};
			name = Release;
		};
		C949E8FD2B4C6E4E00A74BF6 /* Debug */ = {
			isa = XCBuildConfiguration;
			buildSettings = {
				CODE_SIGN_STYLE = Automatic;
				CURRENT_PROJECT_VERSION = 1;
				DEVELOPMENT_TEAM = 6WA5TYMFND;
				GENERATE_INFOPLIST_FILE = YES;
				MARKETING_VERSION = 1.0;
				PRODUCT_BUNDLE_IDENTIFIER = FrioSolutions.DailyChallengeEndToEndTests;
				PRODUCT_NAME = "$(TARGET_NAME)";
				SWIFT_EMIT_LOC_STRINGS = NO;
				SWIFT_VERSION = 5.0;
			};
			name = Debug;
		};
		C949E8FE2B4C6E4E00A74BF6 /* Release */ = {
			isa = XCBuildConfiguration;
			buildSettings = {
				CODE_SIGN_STYLE = Automatic;
				CURRENT_PROJECT_VERSION = 1;
				DEVELOPMENT_TEAM = 6WA5TYMFND;
				GENERATE_INFOPLIST_FILE = YES;
				MARKETING_VERSION = 1.0;
				PRODUCT_BUNDLE_IDENTIFIER = FrioSolutions.DailyChallengeEndToEndTests;
				PRODUCT_NAME = "$(TARGET_NAME)";
				SWIFT_EMIT_LOC_STRINGS = NO;
				SWIFT_VERSION = 5.0;
			};
			name = Release;
		};
		C9B28C272B48807200F81C98 /* Debug */ = {
			isa = XCBuildConfiguration;
			buildSettings = {
				ALWAYS_SEARCH_USER_PATHS = NO;
				ASSETCATALOG_COMPILER_GENERATE_SWIFT_ASSET_SYMBOL_EXTENSIONS = YES;
				CLANG_ANALYZER_NONNULL = YES;
				CLANG_ANALYZER_NUMBER_OBJECT_CONVERSION = YES_AGGRESSIVE;
				CLANG_CXX_LANGUAGE_STANDARD = "gnu++20";
				CLANG_ENABLE_MODULES = YES;
				CLANG_ENABLE_OBJC_ARC = YES;
				CLANG_ENABLE_OBJC_WEAK = YES;
				CLANG_WARN_BLOCK_CAPTURE_AUTORELEASING = YES;
				CLANG_WARN_BOOL_CONVERSION = YES;
				CLANG_WARN_COMMA = YES;
				CLANG_WARN_CONSTANT_CONVERSION = YES;
				CLANG_WARN_DEPRECATED_OBJC_IMPLEMENTATIONS = YES;
				CLANG_WARN_DIRECT_OBJC_ISA_USAGE = YES_ERROR;
				CLANG_WARN_DOCUMENTATION_COMMENTS = YES;
				CLANG_WARN_EMPTY_BODY = YES;
				CLANG_WARN_ENUM_CONVERSION = YES;
				CLANG_WARN_INFINITE_RECURSION = YES;
				CLANG_WARN_INT_CONVERSION = YES;
				CLANG_WARN_NON_LITERAL_NULL_CONVERSION = YES;
				CLANG_WARN_OBJC_IMPLICIT_RETAIN_SELF = YES;
				CLANG_WARN_OBJC_LITERAL_CONVERSION = YES;
				CLANG_WARN_OBJC_ROOT_CLASS = YES_ERROR;
				CLANG_WARN_QUOTED_INCLUDE_IN_FRAMEWORK_HEADER = YES;
				CLANG_WARN_RANGE_LOOP_ANALYSIS = YES;
				CLANG_WARN_STRICT_PROTOTYPES = YES;
				CLANG_WARN_SUSPICIOUS_MOVE = YES;
				CLANG_WARN_UNGUARDED_AVAILABILITY = YES_AGGRESSIVE;
				CLANG_WARN_UNREACHABLE_CODE = YES;
				CLANG_WARN__DUPLICATE_METHOD_MATCH = YES;
				COPY_PHASE_STRIP = NO;
				CURRENT_PROJECT_VERSION = 1;
				DEBUG_INFORMATION_FORMAT = dwarf;
				ENABLE_STRICT_OBJC_MSGSEND = YES;
				ENABLE_TESTABILITY = YES;
				ENABLE_USER_SCRIPT_SANDBOXING = YES;
				GCC_C_LANGUAGE_STANDARD = gnu17;
				GCC_DYNAMIC_NO_PIC = NO;
				GCC_NO_COMMON_BLOCKS = YES;
				GCC_OPTIMIZATION_LEVEL = 0;
				GCC_PREPROCESSOR_DEFINITIONS = (
					"DEBUG=1",
					"$(inherited)",
				);
				GCC_WARN_64_TO_32_BIT_CONVERSION = YES;
				GCC_WARN_ABOUT_RETURN_TYPE = YES_ERROR;
				GCC_WARN_UNDECLARED_SELECTOR = YES;
				GCC_WARN_UNINITIALIZED_AUTOS = YES_AGGRESSIVE;
				GCC_WARN_UNUSED_FUNCTION = YES;
				GCC_WARN_UNUSED_VARIABLE = YES;
				LOCALIZATION_PREFERS_STRING_CATALOGS = YES;
				MACOSX_DEPLOYMENT_TARGET = 14.2;
				MTL_ENABLE_DEBUG_INFO = INCLUDE_SOURCE;
				MTL_FAST_MATH = YES;
				ONLY_ACTIVE_ARCH = YES;
				SDKROOT = macosx;
				SWIFT_ACTIVE_COMPILATION_CONDITIONS = "DEBUG $(inherited)";
				SWIFT_OPTIMIZATION_LEVEL = "-Onone";
				VERSIONING_SYSTEM = "apple-generic";
				VERSION_INFO_PREFIX = "";
			};
			name = Debug;
		};
		C9B28C282B48807200F81C98 /* Release */ = {
			isa = XCBuildConfiguration;
			buildSettings = {
				ALWAYS_SEARCH_USER_PATHS = NO;
				ASSETCATALOG_COMPILER_GENERATE_SWIFT_ASSET_SYMBOL_EXTENSIONS = YES;
				CLANG_ANALYZER_NONNULL = YES;
				CLANG_ANALYZER_NUMBER_OBJECT_CONVERSION = YES_AGGRESSIVE;
				CLANG_CXX_LANGUAGE_STANDARD = "gnu++20";
				CLANG_ENABLE_MODULES = YES;
				CLANG_ENABLE_OBJC_ARC = YES;
				CLANG_ENABLE_OBJC_WEAK = YES;
				CLANG_WARN_BLOCK_CAPTURE_AUTORELEASING = YES;
				CLANG_WARN_BOOL_CONVERSION = YES;
				CLANG_WARN_COMMA = YES;
				CLANG_WARN_CONSTANT_CONVERSION = YES;
				CLANG_WARN_DEPRECATED_OBJC_IMPLEMENTATIONS = YES;
				CLANG_WARN_DIRECT_OBJC_ISA_USAGE = YES_ERROR;
				CLANG_WARN_DOCUMENTATION_COMMENTS = YES;
				CLANG_WARN_EMPTY_BODY = YES;
				CLANG_WARN_ENUM_CONVERSION = YES;
				CLANG_WARN_INFINITE_RECURSION = YES;
				CLANG_WARN_INT_CONVERSION = YES;
				CLANG_WARN_NON_LITERAL_NULL_CONVERSION = YES;
				CLANG_WARN_OBJC_IMPLICIT_RETAIN_SELF = YES;
				CLANG_WARN_OBJC_LITERAL_CONVERSION = YES;
				CLANG_WARN_OBJC_ROOT_CLASS = YES_ERROR;
				CLANG_WARN_QUOTED_INCLUDE_IN_FRAMEWORK_HEADER = YES;
				CLANG_WARN_RANGE_LOOP_ANALYSIS = YES;
				CLANG_WARN_STRICT_PROTOTYPES = YES;
				CLANG_WARN_SUSPICIOUS_MOVE = YES;
				CLANG_WARN_UNGUARDED_AVAILABILITY = YES_AGGRESSIVE;
				CLANG_WARN_UNREACHABLE_CODE = YES;
				CLANG_WARN__DUPLICATE_METHOD_MATCH = YES;
				COPY_PHASE_STRIP = NO;
				CURRENT_PROJECT_VERSION = 1;
				DEBUG_INFORMATION_FORMAT = "dwarf-with-dsym";
				ENABLE_NS_ASSERTIONS = NO;
				ENABLE_STRICT_OBJC_MSGSEND = YES;
				ENABLE_USER_SCRIPT_SANDBOXING = YES;
				GCC_C_LANGUAGE_STANDARD = gnu17;
				GCC_NO_COMMON_BLOCKS = YES;
				GCC_WARN_64_TO_32_BIT_CONVERSION = YES;
				GCC_WARN_ABOUT_RETURN_TYPE = YES_ERROR;
				GCC_WARN_UNDECLARED_SELECTOR = YES;
				GCC_WARN_UNINITIALIZED_AUTOS = YES_AGGRESSIVE;
				GCC_WARN_UNUSED_FUNCTION = YES;
				GCC_WARN_UNUSED_VARIABLE = YES;
				LOCALIZATION_PREFERS_STRING_CATALOGS = YES;
				MACOSX_DEPLOYMENT_TARGET = 14.2;
				MTL_ENABLE_DEBUG_INFO = NO;
				MTL_FAST_MATH = YES;
				SDKROOT = macosx;
				SWIFT_COMPILATION_MODE = wholemodule;
				VERSIONING_SYSTEM = "apple-generic";
				VERSION_INFO_PREFIX = "";
			};
			name = Release;
		};
		C9B28C2A2B48807200F81C98 /* Debug */ = {
			isa = XCBuildConfiguration;
			buildSettings = {
				CODE_SIGN_STYLE = Automatic;
				COMBINE_HIDPI_IMAGES = YES;
				CURRENT_PROJECT_VERSION = 1;
				DEFINES_MODULE = YES;
				DEVELOPMENT_TEAM = 6WA5TYMFND;
				DYLIB_COMPATIBILITY_VERSION = 1;
				DYLIB_CURRENT_VERSION = 1;
				DYLIB_INSTALL_NAME_BASE = "@rpath";
				ENABLE_MODULE_VERIFIER = YES;
				GENERATE_INFOPLIST_FILE = YES;
				INFOPLIST_KEY_NSHumanReadableCopyright = "";
				INSTALL_PATH = "$(LOCAL_LIBRARY_DIR)/Frameworks";
				LD_RUNPATH_SEARCH_PATHS = (
					"$(inherited)",
					"@executable_path/../Frameworks",
					"@loader_path/Frameworks",
				);
				MACOSX_DEPLOYMENT_TARGET = 13.5;
				MARKETING_VERSION = 1.0;
				MODULE_VERIFIER_SUPPORTED_LANGUAGES = "objective-c objective-c++";
				MODULE_VERIFIER_SUPPORTED_LANGUAGE_STANDARDS = "gnu17 gnu++20";
				PRODUCT_BUNDLE_IDENTIFIER = FrioSolutions.Nova;
				PRODUCT_NAME = "$(TARGET_NAME:c99extidentifier)";
				SKIP_INSTALL = YES;
				SWIFT_EMIT_LOC_STRINGS = YES;
				SWIFT_VERSION = 5.0;
			};
			name = Debug;
		};
		C9B28C2B2B48807200F81C98 /* Release */ = {
			isa = XCBuildConfiguration;
			buildSettings = {
				CODE_SIGN_STYLE = Automatic;
				COMBINE_HIDPI_IMAGES = YES;
				CURRENT_PROJECT_VERSION = 1;
				DEFINES_MODULE = YES;
				DEVELOPMENT_TEAM = 6WA5TYMFND;
				DYLIB_COMPATIBILITY_VERSION = 1;
				DYLIB_CURRENT_VERSION = 1;
				DYLIB_INSTALL_NAME_BASE = "@rpath";
				ENABLE_MODULE_VERIFIER = YES;
				GENERATE_INFOPLIST_FILE = YES;
				INFOPLIST_KEY_NSHumanReadableCopyright = "";
				INSTALL_PATH = "$(LOCAL_LIBRARY_DIR)/Frameworks";
				LD_RUNPATH_SEARCH_PATHS = (
					"$(inherited)",
					"@executable_path/../Frameworks",
					"@loader_path/Frameworks",
				);
				MACOSX_DEPLOYMENT_TARGET = 13.5;
				MARKETING_VERSION = 1.0;
				MODULE_VERIFIER_SUPPORTED_LANGUAGES = "objective-c objective-c++";
				MODULE_VERIFIER_SUPPORTED_LANGUAGE_STANDARDS = "gnu17 gnu++20";
				PRODUCT_BUNDLE_IDENTIFIER = FrioSolutions.Nova;
				PRODUCT_NAME = "$(TARGET_NAME:c99extidentifier)";
				SKIP_INSTALL = YES;
				SWIFT_EMIT_LOC_STRINGS = YES;
				SWIFT_VERSION = 5.0;
			};
			name = Release;
		};
		C9B28C2D2B48807200F81C98 /* Debug */ = {
			isa = XCBuildConfiguration;
			buildSettings = {
				ALWAYS_EMBED_SWIFT_STANDARD_LIBRARIES = YES;
				CODE_SIGN_STYLE = Automatic;
				CURRENT_PROJECT_VERSION = 1;
				DEVELOPMENT_TEAM = 6WA5TYMFND;
				GENERATE_INFOPLIST_FILE = YES;
				MACOSX_DEPLOYMENT_TARGET = 13.5;
				MARKETING_VERSION = 1.0;
				PRODUCT_BUNDLE_IDENTIFIER = FrioSolutions.NovaTests;
				PRODUCT_NAME = "$(TARGET_NAME)";
				SWIFT_EMIT_LOC_STRINGS = NO;
				SWIFT_VERSION = 5.0;
			};
			name = Debug;
		};
		C9B28C2E2B48807200F81C98 /* Release */ = {
			isa = XCBuildConfiguration;
			buildSettings = {
				ALWAYS_EMBED_SWIFT_STANDARD_LIBRARIES = YES;
				CODE_SIGN_STYLE = Automatic;
				CURRENT_PROJECT_VERSION = 1;
				DEVELOPMENT_TEAM = 6WA5TYMFND;
				GENERATE_INFOPLIST_FILE = YES;
				MACOSX_DEPLOYMENT_TARGET = 13.5;
				MARKETING_VERSION = 1.0;
				PRODUCT_BUNDLE_IDENTIFIER = FrioSolutions.NovaTests;
				PRODUCT_NAME = "$(TARGET_NAME)";
				SWIFT_EMIT_LOC_STRINGS = NO;
				SWIFT_VERSION = 5.0;
			};
			name = Release;
		};
/* End XCBuildConfiguration section */

/* Begin XCConfigurationList section */
		C949E8DF2B4B8E3300A74BF6 /* Build configuration list for PBXNativeTarget "NovaApp" */ = {
			isa = XCConfigurationList;
			buildConfigurations = (
				C949E8E02B4B8E3300A74BF6 /* Debug */,
				C949E8E12B4B8E3300A74BF6 /* Release */,
			);
			defaultConfigurationIsVisible = 0;
			defaultConfigurationName = Release;
		};
		C949E8E22B4B8E3300A74BF6 /* Build configuration list for PBXNativeTarget "NovaAppTests" */ = {
			isa = XCConfigurationList;
			buildConfigurations = (
				C949E8E32B4B8E3300A74BF6 /* Debug */,
				C949E8E42B4B8E3300A74BF6 /* Release */,
			);
			defaultConfigurationIsVisible = 0;
			defaultConfigurationName = Release;
		};
		C949E8E52B4B8E3300A74BF6 /* Build configuration list for PBXNativeTarget "NovaAppUITests" */ = {
			isa = XCConfigurationList;
			buildConfigurations = (
				C949E8E62B4B8E3300A74BF6 /* Debug */,
				C949E8E72B4B8E3300A74BF6 /* Release */,
			);
			defaultConfigurationIsVisible = 0;
			defaultConfigurationName = Release;
		};
		C949E8FC2B4C6E4E00A74BF6 /* Build configuration list for PBXNativeTarget "DailyChallengeEndToEndTests" */ = {
			isa = XCConfigurationList;
			buildConfigurations = (
				C949E8FD2B4C6E4E00A74BF6 /* Debug */,
				C949E8FE2B4C6E4E00A74BF6 /* Release */,
			);
			defaultConfigurationIsVisible = 0;
			defaultConfigurationName = Release;
		};
		C9B28C0F2B48807100F81C98 /* Build configuration list for PBXProject "Nova" */ = {
			isa = XCConfigurationList;
			buildConfigurations = (
				C9B28C272B48807200F81C98 /* Debug */,
				C9B28C282B48807200F81C98 /* Release */,
			);
			defaultConfigurationIsVisible = 0;
			defaultConfigurationName = Release;
		};
		C9B28C292B48807200F81C98 /* Build configuration list for PBXNativeTarget "Nova" */ = {
			isa = XCConfigurationList;
			buildConfigurations = (
				C9B28C2A2B48807200F81C98 /* Debug */,
				C9B28C2B2B48807200F81C98 /* Release */,
			);
			defaultConfigurationIsVisible = 0;
			defaultConfigurationName = Release;
		};
		C9B28C2C2B48807200F81C98 /* Build configuration list for PBXNativeTarget "NovaTests" */ = {
			isa = XCConfigurationList;
			buildConfigurations = (
				C9B28C2D2B48807200F81C98 /* Debug */,
				C9B28C2E2B48807200F81C98 /* Release */,
			);
			defaultConfigurationIsVisible = 0;
			defaultConfigurationName = Release;
		};
/* End XCConfigurationList section */

/* Begin XCRemoteSwiftPackageReference section */
		C949E88C2B48CC0900A74BF6 /* XCRemoteSwiftPackageReference "supabase-swift" */ = {
			isa = XCRemoteSwiftPackageReference;
			repositoryURL = "https://github.com/supabase-community/supabase-swift.git";
			requirement = {
				kind = upToNextMajorVersion;
				minimumVersion = 2.1.0;
			};
		};
/* End XCRemoteSwiftPackageReference section */

/* Begin XCSwiftPackageProductDependency section */
		C949E88D2B48CC0900A74BF6 /* Auth */ = {
			isa = XCSwiftPackageProductDependency;
			package = C949E88C2B48CC0900A74BF6 /* XCRemoteSwiftPackageReference "supabase-swift" */;
			productName = Auth;
		};
		C949E88F2B48CC0900A74BF6 /* Functions */ = {
			isa = XCSwiftPackageProductDependency;
			package = C949E88C2B48CC0900A74BF6 /* XCRemoteSwiftPackageReference "supabase-swift" */;
			productName = Functions;
		};
		C949E8912B48CC0900A74BF6 /* PostgREST */ = {
			isa = XCSwiftPackageProductDependency;
			package = C949E88C2B48CC0900A74BF6 /* XCRemoteSwiftPackageReference "supabase-swift" */;
			productName = PostgREST;
		};
		C949E8932B48CC0900A74BF6 /* Realtime */ = {
			isa = XCSwiftPackageProductDependency;
			package = C949E88C2B48CC0900A74BF6 /* XCRemoteSwiftPackageReference "supabase-swift" */;
			productName = Realtime;
		};
		C949E8952B48CC0900A74BF6 /* Storage */ = {
			isa = XCSwiftPackageProductDependency;
			package = C949E88C2B48CC0900A74BF6 /* XCRemoteSwiftPackageReference "supabase-swift" */;
			productName = Storage;
		};
		C949E8A02B4A075900A74BF6 /* Supabase */ = {
			isa = XCSwiftPackageProductDependency;
			package = C949E88C2B48CC0900A74BF6 /* XCRemoteSwiftPackageReference "supabase-swift" */;
			productName = Supabase;
		};
/* End XCSwiftPackageProductDependency section */
	};
	rootObject = C9B28C0C2B48807100F81C98 /* Project object */;
}
